
Microsoft Visual Studio Solution File, Format Version 12.00
# Visual Studio Version 16
VisualStudioVersion = 16.0.30509.190
MinimumVisualStudioVersion = 10.0.40219.1
Project("{FAE04EC0-301F-11D3-BF4B-00C04F79EFBC}") = "KanbanAngularApplication", "KanbanAngularApplication\KanbanAngularApplication.csproj", "{FDC229A5-8047-45D5-81A8-6A345D78AA62}"
EndProject
Global
	GlobalSection(SolutionConfigurationPlatforms) = preSolution
		Debug|Any CPU = Debug|Any CPU
		Release|Any CPU = Release|Any CPU
	EndGlobalSection
	GlobalSection(ProjectConfigurationPlatforms) = postSolution
		{FDC229A5-8047-45D5-81A8-6A345D78AA62}.Debug|Any CPU.ActiveCfg = Debug|Any CPU
		{FDC229A5-8047-45D5-81A8-6A345D78AA62}.Debug|Any CPU.Build.0 = Debug|Any CPU
		{FDC229A5-8047-45D5-81A8-6A345D78AA62}.Release|Any CPU.ActiveCfg = Release|Any CPU
		{FDC229A5-8047-45D5-81A8-6A345D78AA62}.Release|Any CPU.Build.0 = Release|Any CPU
	EndGlobalSection
	GlobalSection(SolutionProperties) = preSolution
		HideSolutionNode = FALSE
	EndGlobalSection
	GlobalSection(ExtensibilityGlobals) = postSolution
		SolutionGuid = {312DDF72-E0F6-4EFE-B8FA-0B0DFC9AB130}
	EndGlobalSection
EndGlobal
